// !$*UTF8*$!
{
	archiveVersion = 1;
	classes = {
	};
	objectVersion = 48;
	objects = {

/* Begin PBXBuildFile section */
		1732CE3920A36260006019B0 /* ArcLayerDrawer.swift in Sources */ = {isa = PBXBuildFile; fileRef = 1732CE3820A36260006019B0 /* ArcLayerDrawer.swift */; };
		1732CE3B20A3686B006019B0 /* RandomColorPicker.swift in Sources */ = {isa = PBXBuildFile; fileRef = 1732CE3A20A3686B006019B0 /* RandomColorPicker.swift */; };
		178A0435209DAD4B00020E2E /* TappableRect.swift in Sources */ = {isa = PBXBuildFile; fileRef = 178A0434209DAD4A00020E2E /* TappableRect.swift */; };
		179343F2209CF4BA00893C5F /* AppDelegate.swift in Sources */ = {isa = PBXBuildFile; fileRef = 179343F1209CF4BA00893C5F /* AppDelegate.swift */; };
		179343F4209CF4BA00893C5F /* ViewController.swift in Sources */ = {isa = PBXBuildFile; fileRef = 179343F3209CF4BA00893C5F /* ViewController.swift */; };
		179343F9209CF4BA00893C5F /* Assets.xcassets in Resources */ = {isa = PBXBuildFile; fileRef = 179343F8209CF4BA00893C5F /* Assets.xcassets */; };
		179343FC209CF4BA00893C5F /* LaunchScreen.storyboard in Resources */ = {isa = PBXBuildFile; fileRef = 179343FA209CF4BA00893C5F /* LaunchScreen.storyboard */; };
/* End PBXBuildFile section */

/* Begin PBXFileReference section */
		1732CE3820A36260006019B0 /* ArcLayerDrawer.swift */ = {isa = PBXFileReference; lastKnownFileType = sourcecode.swift; path = ArcLayerDrawer.swift; sourceTree = "<group>"; };
		1732CE3A20A3686B006019B0 /* RandomColorPicker.swift */ = {isa = PBXFileReference; lastKnownFileType = sourcecode.swift; path = RandomColorPicker.swift; sourceTree = "<group>"; };
		178A0434209DAD4A00020E2E /* TappableRect.swift */ = {isa = PBXFileReference; lastKnownFileType = sourcecode.swift; path = TappableRect.swift; sourceTree = "<group>"; };
		179343EE209CF4BA00893C5F /* Rect.app */ = {isa = PBXFileReference; explicitFileType = wrapper.application; includeInIndex = 0; path = Rect.app; sourceTree = BUILT_PRODUCTS_DIR; };
		179343F1209CF4BA00893C5F /* AppDelegate.swift */ = {isa = PBXFileReference; lastKnownFileType = sourcecode.swift; path = AppDelegate.swift; sourceTree = "<group>"; };
		179343F3209CF4BA00893C5F /* ViewController.swift */ = {isa = PBXFileReference; lastKnownFileType = sourcecode.swift; path = ViewController.swift; sourceTree = "<group>"; };
		179343F8209CF4BA00893C5F /* Assets.xcassets */ = {isa = PBXFileReference; lastKnownFileType = folder.assetcatalog; path = Assets.xcassets; sourceTree = "<group>"; };
		179343FB209CF4BA00893C5F /* Base */ = {isa = PBXFileReference; lastKnownFileType = file.storyboard; name = Base; path = Base.lproj/LaunchScreen.storyboard; sourceTree = "<group>"; };
		179343FD209CF4BA00893C5F /* Info.plist */ = {isa = PBXFileReference; lastKnownFileType = text.plist.xml; path = Info.plist; sourceTree = "<group>"; };
/* End PBXFileReference section */

/* Begin PBXFrameworksBuildPhase section */
		179343EB209CF4BA00893C5F /* Frameworks */ = {
			isa = PBXFrameworksBuildPhase;
			buildActionMask = 2147483647;
			files = (
			);
			runOnlyForDeploymentPostprocessing = 0;
		};
/* End PBXFrameworksBuildPhase section */

/* Begin PBXGroup section */
		179343E5209CF4BA00893C5F = {
			isa = PBXGroup;
			children = (
				179343F0209CF4BA00893C5F /* Rect */,
				179343EF209CF4BA00893C5F /* Products */,
			);
			sourceTree = "<group>";
		};
		179343EF209CF4BA00893C5F /* Products */ = {
			isa = PBXGroup;
			children = (
				179343EE209CF4BA00893C5F /* Rect.app */,
			);
			name = Products;
			sourceTree = "<group>";
		};
		179343F0209CF4BA00893C5F /* Rect */ = {
			isa = PBXGroup;
			children = (
				179343F1209CF4BA00893C5F /* AppDelegate.swift */,
				179343F3209CF4BA00893C5F /* ViewController.swift */,
				179343F8209CF4BA00893C5F /* Assets.xcassets */,
				179343FA209CF4BA00893C5F /* LaunchScreen.storyboard */,
				179343FD209CF4BA00893C5F /* Info.plist */,
				178A0434209DAD4A00020E2E /* TappableRect.swift */,
				1732CE3820A36260006019B0 /* ArcLayerDrawer.swift */,
				1732CE3A20A3686B006019B0 /* RandomColorPicker.swift */,
			);
			path = Rect;
			sourceTree = "<group>";
		};
/* End PBXGroup section */

/* Begin PBXNativeTarget section */
		179343ED209CF4BA00893C5F /* Rect */ = {
			isa = PBXNativeTarget;
			buildConfigurationList = 17934400209CF4BA00893C5F /* Build configuration list for PBXNativeTarget "Rect" */;
			buildPhases = (
				179343EA209CF4BA00893C5F /* Sources */,
				179343EB209CF4BA00893C5F /* Frameworks */,
				179343EC209CF4BA00893C5F /* Resources */,
			);
			buildRules = (
			);
			dependencies = (
			);
			name = Rect;
			productName = Rect;
			productReference = 179343EE209CF4BA00893C5F /* Rect.app */;
			productType = "com.apple.product-type.application";
		};
/* End PBXNativeTarget section */

/* Begin PBXProject section */
		179343E6209CF4BA00893C5F /* Project object */ = {
			isa = PBXProject;
			attributes = {
				LastSwiftUpdateCheck = 0920;
				LastUpgradeCheck = 0920;
				ORGANIZATIONNAME = "Nikolas Omelianov";
				TargetAttributes = {
					179343ED209CF4BA00893C5F = {
						CreatedOnToolsVersion = 9.2;
						ProvisioningStyle = Automatic;
					};
				};
			};
			buildConfigurationList = 179343E9209CF4BA00893C5F /* Build configuration list for PBXProject "Rect" */;
			compatibilityVersion = "Xcode 8.0";
			developmentRegion = en;
			hasScannedForEncodings = 0;
			knownRegions = (
				en,
				Base,
			);
			mainGroup = 179343E5209CF4BA00893C5F;
			productRefGroup = 179343EF209CF4BA00893C5F /* Products */;
			projectDirPath = "";
			projectRoot = "";
			targets = (
				179343ED209CF4BA00893C5F /* Rect */,
			);
		};
/* End PBXProject section */

/* Begin PBXResourcesBuildPhase section */
		179343EC209CF4BA00893C5F /* Resources */ = {
			isa = PBXResourcesBuildPhase;
			buildActionMask = 2147483647;
			files = (
				179343FC209CF4BA00893C5F /* LaunchScreen.storyboard in Resources */,
				179343F9209CF4BA00893C5F /* Assets.xcassets in Resources */,
			);
			runOnlyForDeploymentPostprocessing = 0;
		};
/* End PBXResourcesBuildPhase section */

/* Begin PBXSourcesBuildPhase section */
		179343EA209CF4BA00893C5F /* Sources */ = {
			isa = PBXSourcesBuildPhase;
			buildActionMask = 2147483647;
			files = (
				178A0435209DAD4B00020E2E /* TappableRect.swift in Sources */,
				1732CE3920A36260006019B0 /* ArcLayerDrawer.swift in Sources */,
				1732CE3B20A3686B006019B0 /* RandomColorPicker.swift in Sources */,
				179343F4209CF4BA00893C5F /* ViewController.swift in Sources */,
				179343F2209CF4BA00893C5F /* AppDelegate.swift in Sources */,
			);
			runOnlyForDeploymentPostprocessing = 0;
		};
/* End PBXSourcesBuildPhase section */

/* Begin PBXVariantGroup section */
		179343FA209CF4BA00893C5F /* LaunchScreen.storyboard */ = {
			isa = PBXVariantGroup;
			children = (
				179343FB209CF4BA00893C5F /* Base */,
			);
			name = LaunchScreen.storyboard;
			sourceTree = "<group>";
		};
/* End PBXVariantGroup section */

/* Begin XCBuildConfiguration section */
		179343FE209CF4BA00893C5F /* Debug */ = {
			isa = XCBuildConfiguration;
			buildSettings = {
				ALWAYS_SEARCH_USER_PATHS = NO;
				CLANG_ANALYZER_NONNULL = YES;
				CLANG_ANALYZER_NUMBER_OBJECT_CONVERSION = YES_AGGRESSIVE;
				CLANG_CXX_LANGUAGE_STANDARD = "gnu++14";
				CLANG_CXX_LIBRARY = "libc++";
				CLANG_ENABLE_MODULES = YES;
				CLANG_ENABLE_OBJC_ARC = YES;
				CLANG_WARN_BLOCK_CAPTURE_AUTORELEASING = YES;
				CLANG_WARN_BOOL_CONVERSION = YES;
				CLANG_WARN_COMMA = YES;
				CLANG_WARN_CONSTANT_CONVERSION = YES;
				CLANG_WARN_DIRECT_OBJC_ISA_USAGE = YES_ERROR;
				CLANG_WARN_DOCUMENTATION_COMMENTS = YES;
				CLANG_WARN_EMPTY_BODY = YES;
				CLANG_WARN_ENUM_CONVERSION = YES;
				CLANG_WARN_INFINITE_RECURSION = YES;
				CLANG_WARN_INT_CONVERSION = YES;
				CLANG_WARN_NON_LITERAL_NULL_CONVERSION = YES;
				CLANG_WARN_OBJC_LITERAL_CONVERSION = YES;
				CLANG_WARN_OBJC_ROOT_CLASS = YES_ERROR;
				CLANG_WARN_RANGE_LOOP_ANALYSIS = YES;
				CLANG_WARN_STRICT_PROTOTYPES = YES;
				CLANG_WARN_SUSPICIOUS_MOVE = YES;
				CLANG_WARN_UNGUARDED_AVAILABILITY = YES_AGGRESSIVE;
				CLANG_WARN_UNREACHABLE_CODE = YES;
				CLANG_WARN__DUPLICATE_METHOD_MATCH = YES;
				CODE_SIGN_IDENTITY = "iPhone Developer";
				COPY_PHASE_STRIP = NO;
				DEBUG_INFORMATION_FORMAT = dwarf;
				ENABLE_STRICT_OBJC_MSGSEND = YES;
				ENABLE_TESTABILITY = YES;
				GCC_C_LANGUAGE_STANDARD = gnu11;
				GCC_DYNAMIC_NO_PIC = NO;
				GCC_NO_COMMON_BLOCKS = YES;
				GCC_OPTIMIZATION_LEVEL = 0;
				GCC_PREPROCESSOR_DEFINITIONS = (
					"DEBUG=1",
					"$(inherited)",
				);
				GCC_WARN_64_TO_32_BIT_CONVERSION = YES;
				GCC_WARN_ABOUT_RETURN_TYPE = YES_ERROR;
				GCC_WARN_UNDECLARED_SELECTOR = YES;
				GCC_WARN_UNINITIALIZED_AUTOS = YES_AGGRESSIVE;
				GCC_WARN_UNUSED_FUNCTION = YES;
				GCC_WARN_UNUSED_VARIABLE = YES;
				IPHONEOS_DEPLOYMENT_TARGET = 11.2;
				MTL_ENABLE_DEBUG_INFO = YES;
				ONLY_ACTIVE_ARCH = YES;
				SDKROOT = iphoneos;
				SWIFT_ACTIVE_COMPILATION_CONDITIONS = DEBUG;
				SWIFT_OPTIMIZATION_LEVEL = "-Onone";
			};
			name = Debug;
		};
		179343FF209CF4BA00893C5F /* Release */ = {
			isa = XCBuildConfiguration;
			buildSettings = {
				ALWAYS_SEARCH_USER_PATHS = NO;
				CLANG_ANALYZER_NONNULL = YES;
				CLANG_ANALYZER_NUMBER_OBJECT_CONVERSION = YES_AGGRESSIVE;
				CLANG_CXX_LANGUAGE_STANDARD = "gnu++14";
				CLANG_CXX_LIBRARY = "libc++";
				CLANG_ENABLE_MODULES = YES;
				CLANG_ENABLE_OBJC_ARC = YES;
				CLANG_WARN_BLOCK_CAPTURE_AUTORELEASING = YES;
				CLANG_WARN_BOOL_CONVERSION = YES;
				CLANG_WARN_COMMA = YES;
				CLANG_WARN_CONSTANT_CONVERSION = YES;
				CLANG_WARN_DIRECT_OBJC_ISA_USAGE = YES_ERROR;
				CLANG_WARN_DOCUMENTATION_COMMENTS = YES;
				CLANG_WARN_EMPTY_BODY = YES;
				CLANG_WARN_ENUM_CONVERSION = YES;
				CLANG_WARN_INFINITE_RECURSION = YES;
				CLANG_WARN_INT_CONVERSION = YES;
				CLANG_WARN_NON_LITERAL_NULL_CONVERSION = YES;
				CLANG_WARN_OBJC_LITERAL_CONVERSION = YES;
				CLANG_WARN_OBJC_ROOT_CLASS = YES_ERROR;
				CLANG_WARN_RANGE_LOOP_ANALYSIS = YES;
				CLANG_WARN_STRICT_PROTOTYPES = YES;
				CLANG_WARN_SUSPICIOUS_MOVE = YES;
				CLANG_WARN_UNGUARDED_AVAILABILITY = YES_AGGRESSIVE;
				CLANG_WARN_UNREACHABLE_CODE = YES;
				CLANG_WARN__DUPLICATE_METHOD_MATCH = YES;
				CODE_SIGN_IDENTITY = "iPhone Developer";
				COPY_PHASE_STRIP = NO;
				DEBUG_INFORMATION_FORMAT = "dwarf-with-dsym";
				ENABLE_NS_ASSERTIONS = NO;
				ENABLE_STRICT_OBJC_MSGSEND = YES;
				GCC_C_LANGUAGE_STANDARD = gnu11;
				GCC_NO_COMMON_BLOCKS = YES;
				GCC_WARN_64_TO_32_BIT_CONVERSION = YES;
				GCC_WARN_ABOUT_RETURN_TYPE = YES_ERROR;
				GCC_WARN_UNDECLARED_SELECTOR = YES;
				GCC_WARN_UNINITIALIZED_AUTOS = YES_AGGRESSIVE;
				GCC_WARN_UNUSED_FUNCTION = YES;
				GCC_WARN_UNUSED_VARIABLE = YES;
				IPHONEOS_DEPLOYMENT_TARGET = 11.2;
				MTL_ENABLE_DEBUG_INFO = NO;
				SDKROOT = iphoneos;
				SWIFT_OPTIMIZATION_LEVEL = "-Owholemodule";
				VALIDATE_PRODUCT = YES;
			};
			name = Release;
		};
		17934401209CF4BA00893C5F /* Debug */ = {
			isa = XCBuildConfiguration;
			buildSettings = {
				ASSETCATALOG_COMPILER_APPICON_NAME = AppIcon;
				CODE_SIGN_STYLE = Automatic;
				DEVELOPMENT_TEAM = S55L3KXWBC;
				INFOPLIST_FILE = Rect/Info.plist;
				IPHONEOS_DEPLOYMENT_TARGET = 11.3;
				LD_RUNPATH_SEARCH_PATHS = "$(inherited) @executable_path/Frameworks";
				PRODUCT_BUNDLE_IDENTIFIER = com.nikolasomelianov.Rect;
				PRODUCT_NAME = "$(TARGET_NAME)";
				SWIFT_VERSION = 4.0;
				TARGETED_DEVICE_FAMILY = "1,2";
			};
			name = Debug;
		};
		17934402209CF4BA00893C5F /* Release */ = {
			isa = XCBuildConfiguration;
			buildSettings = {
				ASSETCATALOG_COMPILER_APPICON_NAME = AppIcon;
				CODE_SIGN_STYLE = Automatic;
				DEVELOPMENT_TEAM = S55L3KXWBC;
				INFOPLIST_FILE = Rect/Info.plist;
				IPHONEOS_DEPLOYMENT_TARGET = 11.3;
				LD_RUNPATH_SEARCH_PATHS = "$(inherited) @executable_path/Frameworks";
				PRODUCT_BUNDLE_IDENTIFIER = com.nikolasomelianov.Rect;
				PRODUCT_NAME = "$(TARGET_NAME)";
				SWIFT_VERSION = 4.0;
				TARGETED_DEVICE_FAMILY = "1,2";
			};
			name = Release;
		};
/* End XCBuildConfiguration section */

/* Begin XCConfigurationList section */
		179343E9209CF4BA00893C5F /* Build configuration list for PBXProject "Rect" */ = {
			isa = XCConfigurationList;
			buildConfigurations = (
				179343FE209CF4BA00893C5F /* Debug */,
				179343FF209CF4BA00893C5F /* Release */,
			);
			defaultConfigurationIsVisible = 0;
			defaultConfigurationName = Release;
		};
		17934400209CF4BA00893C5F /* Build configuration list for PBXNativeTarget "Rect" */ = {
			isa = XCConfigurationList;
			buildConfigurations = (
				17934401209CF4BA00893C5F /* Debug */,
				17934402209CF4BA00893C5F /* Release */,
			);
			defaultConfigurationIsVisible = 0;
			defaultConfigurationName = Release;
		};
/* End XCConfigurationList section */
	};
	rootObject = 179343E6209CF4BA00893C5F /* Project object */;
}
